// !$*UTF8*$!
{
	archiveVersion = 1;
	classes = {
	};
	objectVersion = 55;
	objects = {

/* Begin PBXBuildFile section */
		4CFD8A182894CFCF00BCD815 /* Emoji_PartyApp.swift in Sources */ = {isa = PBXBuildFile; fileRef = 4CFD8A172894CFCF00BCD815 /* Emoji_PartyApp.swift */; };
		4CFD8A1A2894CFCF00BCD815 /* ContentView.swift in Sources */ = {isa = PBXBuildFile; fileRef = 4CFD8A192894CFCF00BCD815 /* ContentView.swift */; };
		4CFD8A1C2894CFD100BCD815 /* Assets.xcassets in Resources */ = {isa = PBXBuildFile; fileRef = 4CFD8A1B2894CFD100BCD815 /* Assets.xcassets */; };
		4CFD8A1F2894CFD100BCD815 /* Preview Assets.xcassets in Resources */ = {isa = PBXBuildFile; fileRef = 4CFD8A1E2894CFD100BCD815 /* Preview Assets.xcassets */; };
		4CFD8A262894D02700BCD815 /* EmojiSet.swift in Sources */ = {isa = PBXBuildFile; fileRef = 4CFD8A252894D02700BCD815 /* EmojiSet.swift */; };
		4CFD8A282894D21500BCD815 /* EmojiView.swift in Sources */ = {isa = PBXBuildFile; fileRef = 4CFD8A272894D21500BCD815 /* EmojiView.swift */; };
		4CFD8A2A2894D57200BCD815 /* EmojiBouncyView.swift in Sources */ = {isa = PBXBuildFile; fileRef = 4CFD8A292894D57200BCD815 /* EmojiBouncyView.swift */; };
		4CFD8A2C2894D99300BCD815 /* CollisionSurface.swift in Sources */ = {isa = PBXBuildFile; fileRef = 4CFD8A2B2894D99300BCD815 /* CollisionSurface.swift */; };
		4CFD8A2E2894DA6E00BCD815 /* BouncyView.swift in Sources */ = {isa = PBXBuildFile; fileRef = 4CFD8A2D2894DA6E00BCD815 /* BouncyView.swift */; };
/* End PBXBuildFile section */

/* Begin PBXFileReference section */
		4CFD8A142894CFCF00BCD815 /* Emoji Party.app */ = {isa = PBXFileReference; explicitFileType = wrapper.application; includeInIndex = 0; path = "Emoji Party.app"; sourceTree = BUILT_PRODUCTS_DIR; };
		4CFD8A172894CFCF00BCD815 /* Emoji_PartyApp.swift */ = {isa = PBXFileReference; lastKnownFileType = sourcecode.swift; path = Emoji_PartyApp.swift; sourceTree = "<group>"; };
		4CFD8A192894CFCF00BCD815 /* ContentView.swift */ = {isa = PBXFileReference; lastKnownFileType = sourcecode.swift; path = ContentView.swift; sourceTree = "<group>"; };
		4CFD8A1B2894CFD100BCD815 /* Assets.xcassets */ = {isa = PBXFileReference; lastKnownFileType = folder.assetcatalog; path = Assets.xcassets; sourceTree = "<group>"; };
		4CFD8A1E2894CFD100BCD815 /* Preview Assets.xcassets */ = {isa = PBXFileReference; lastKnownFileType = folder.assetcatalog; path = "Preview Assets.xcassets"; sourceTree = "<group>"; };
		4CFD8A252894D02700BCD815 /* EmojiSet.swift */ = {isa = PBXFileReference; lastKnownFileType = sourcecode.swift; path = EmojiSet.swift; sourceTree = "<group>"; };
		4CFD8A272894D21500BCD815 /* EmojiView.swift */ = {isa = PBXFileReference; lastKnownFileType = sourcecode.swift; path = EmojiView.swift; sourceTree = "<group>"; };
		4CFD8A292894D57200BCD815 /* EmojiBouncyView.swift */ = {isa = PBXFileReference; lastKnownFileType = sourcecode.swift; path = EmojiBouncyView.swift; sourceTree = "<group>"; };
		4CFD8A2B2894D99300BCD815 /* CollisionSurface.swift */ = {isa = PBXFileReference; lastKnownFileType = sourcecode.swift; path = CollisionSurface.swift; sourceTree = "<group>"; };
		4CFD8A2D2894DA6E00BCD815 /* BouncyView.swift */ = {isa = PBXFileReference; lastKnownFileType = sourcecode.swift; path = BouncyView.swift; sourceTree = "<group>"; };
/* End PBXFileReference section */

/* Begin PBXFrameworksBuildPhase section */
		4CFD8A112894CFCF00BCD815 /* Frameworks */ = {
			isa = PBXFrameworksBuildPhase;
			buildActionMask = 2147483647;
			files = (
			);
			runOnlyForDeploymentPostprocessing = 0;
		};
/* End PBXFrameworksBuildPhase section */

/* Begin PBXGroup section */
		4CFD8A0B2894CFCF00BCD815 = {
			isa = PBXGroup;
			children = (
				4CFD8A162894CFCF00BCD815 /* Emoji Party */,
				4CFD8A152894CFCF00BCD815 /* Products */,
			);
			sourceTree = "<group>";
		};
		4CFD8A152894CFCF00BCD815 /* Products */ = {
			isa = PBXGroup;
			children = (
				4CFD8A142894CFCF00BCD815 /* Emoji Party.app */,
			);
			name = Products;
			sourceTree = "<group>";
		};
		4CFD8A162894CFCF00BCD815 /* Emoji Party */ = {
			isa = PBXGroup;
			children = (
				4CFD8A292894D57200BCD815 /* EmojiBouncyView.swift */,
				4CFD8A2D2894DA6E00BCD815 /* BouncyView.swift */,
				4CFD8A2B2894D99300BCD815 /* CollisionSurface.swift */,
				4CFD8A172894CFCF00BCD815 /* Emoji_PartyApp.swift */,
				4CFD8A192894CFCF00BCD815 /* ContentView.swift */,
				4CFD8A272894D21500BCD815 /* EmojiView.swift */,
				4CFD8A252894D02700BCD815 /* EmojiSet.swift */,
				4CFD8A1B2894CFD100BCD815 /* Assets.xcassets */,
				4CFD8A1D2894CFD100BCD815 /* Preview Content */,
			);
			path = "Emoji Party";
			sourceTree = "<group>";
		};
		4CFD8A1D2894CFD100BCD815 /* Preview Content */ = {
			isa = PBXGroup;
			children = (
				4CFD8A1E2894CFD100BCD815 /* Preview Assets.xcassets */,
			);
			path = "Preview Content";
			sourceTree = "<group>";
		};
/* End PBXGroup section */

/* Begin PBXNativeTarget section */
		4CFD8A132894CFCF00BCD815 /* Emoji Party */ = {
			isa = PBXNativeTarget;
			buildConfigurationList = 4CFD8A222894CFD100BCD815 /* Build configuration list for PBXNativeTarget "Emoji Party" */;
			buildPhases = (
				4CFD8A102894CFCF00BCD815 /* Sources */,
				4CFD8A112894CFCF00BCD815 /* Frameworks */,
				4CFD8A122894CFCF00BCD815 /* Resources */,
			);
			buildRules = (
			);
			dependencies = (
			);
			name = "Emoji Party";
			productName = "Emoji Party";
			productReference = 4CFD8A142894CFCF00BCD815 /* Emoji Party.app */;
			productType = "com.apple.product-type.application";
		};
/* End PBXNativeTarget section */

/* Begin PBXProject section */
		4CFD8A0C2894CFCF00BCD815 /* Project object */ = {
			isa = PBXProject;
			attributes = {
				BuildIndependentTargetsInParallel = 1;
				LastSwiftUpdateCheck = 1340;
				LastUpgradeCheck = 1340;
				TargetAttributes = {
					4CFD8A132894CFCF00BCD815 = {
						CreatedOnToolsVersion = 13.4.1;
					};
				};
			};
			buildConfigurationList = 4CFD8A0F2894CFCF00BCD815 /* Build configuration list for PBXProject "Emoji Party" */;
			compatibilityVersion = "Xcode 13.0";
			developmentRegion = en;
			hasScannedForEncodings = 0;
			knownRegions = (
				en,
				Base,
			);
			mainGroup = 4CFD8A0B2894CFCF00BCD815;
			productRefGroup = 4CFD8A152894CFCF00BCD815 /* Products */;
			projectDirPath = "";
			projectRoot = "";
			targets = (
				4CFD8A132894CFCF00BCD815 /* Emoji Party */,
			);
		};
/* End PBXProject section */

/* Begin PBXResourcesBuildPhase section */
		4CFD8A122894CFCF00BCD815 /* Resources */ = {
			isa = PBXResourcesBuildPhase;
			buildActionMask = 2147483647;
			files = (
				4CFD8A1F2894CFD100BCD815 /* Preview Assets.xcassets in Resources */,
				4CFD8A1C2894CFD100BCD815 /* Assets.xcassets in Resources */,
			);
			runOnlyForDeploymentPostprocessing = 0;
		};
/* End PBXResourcesBuildPhase section */

/* Begin PBXSourcesBuildPhase section */
		4CFD8A102894CFCF00BCD815 /* Sources */ = {
			isa = PBXSourcesBuildPhase;
			buildActionMask = 2147483647;
			files = (
				4CFD8A2C2894D99300BCD815 /* CollisionSurface.swift in Sources */,
				4CFD8A2A2894D57200BCD815 /* EmojiBouncyView.swift in Sources */,
				4CFD8A262894D02700BCD815 /* EmojiSet.swift in Sources */,
				4CFD8A282894D21500BCD815 /* EmojiView.swift in Sources */,
				4CFD8A2E2894DA6E00BCD815 /* BouncyView.swift in Sources */,
				4CFD8A1A2894CFCF00BCD815 /* ContentView.swift in Sources */,
				4CFD8A182894CFCF00BCD815 /* Emoji_PartyApp.swift in Sources */,
			);
			runOnlyForDeploymentPostprocessing = 0;
		};
/* End PBXSourcesBuildPhase section */

/* Begin XCBuildConfiguration section */
		4CFD8A202894CFD100BCD815 /* Debug */ = {
			isa = XCBuildConfiguration;
			buildSettings = {
				ALWAYS_SEARCH_USER_PATHS = NO;
				CLANG_ANALYZER_NONNULL = YES;
				CLANG_ANALYZER_NUMBER_OBJECT_CONVERSION = YES_AGGRESSIVE;
				CLANG_CXX_LANGUAGE_STANDARD = "gnu++17";
				CLANG_ENABLE_MODULES = YES;
				CLANG_ENABLE_OBJC_ARC = YES;
				CLANG_ENABLE_OBJC_WEAK = YES;
				CLANG_WARN_BLOCK_CAPTURE_AUTORELEASING = YES;
				CLANG_WARN_BOOL_CONVERSION = YES;
				CLANG_WARN_COMMA = YES;
				CLANG_WARN_CONSTANT_CONVERSION = YES;
				CLANG_WARN_DEPRECATED_OBJC_IMPLEMENTATIONS = YES;
				CLANG_WARN_DIRECT_OBJC_ISA_USAGE = YES_ERROR;
				CLANG_WARN_DOCUMENTATION_COMMENTS = YES;
				CLANG_WARN_EMPTY_BODY = YES;
				CLANG_WARN_ENUM_CONVERSION = YES;
				CLANG_WARN_INFINITE_RECURSION = YES;
				CLANG_WARN_INT_CONVERSION = YES;
				CLANG_WARN_NON_LITERAL_NULL_CONVERSION = YES;
				CLANG_WARN_OBJC_IMPLICIT_RETAIN_SELF = YES;
				CLANG_WARN_OBJC_LITERAL_CONVERSION = YES;
				CLANG_WARN_OBJC_ROOT_CLASS = YES_ERROR;
				CLANG_WARN_QUOTED_INCLUDE_IN_FRAMEWORK_HEADER = YES;
				CLANG_WARN_RANGE_LOOP_ANALYSIS = YES;
				CLANG_WARN_STRICT_PROTOTYPES = YES;
				CLANG_WARN_SUSPICIOUS_MOVE = YES;
				CLANG_WARN_UNGUARDED_AVAILABILITY = YES_AGGRESSIVE;
				CLANG_WARN_UNREACHABLE_CODE = YES;
				CLANG_WARN__DUPLICATE_METHOD_MATCH = YES;
				COPY_PHASE_STRIP = NO;
				DEBUG_INFORMATION_FORMAT = dwarf;
				ENABLE_STRICT_OBJC_MSGSEND = YES;
				ENABLE_TESTABILITY = YES;
				GCC_C_LANGUAGE_STANDARD = gnu11;
				GCC_DYNAMIC_NO_PIC = NO;
				GCC_NO_COMMON_BLOCKS = YES;
				GCC_OPTIMIZATION_LEVEL = 0;
				GCC_PREPROCESSOR_DEFINITIONS = (
					"DEBUG=1",
					"$(inherited)",
				);
				GCC_WARN_64_TO_32_BIT_CONVERSION = YES;
				GCC_WARN_ABOUT_RETURN_TYPE = YES_ERROR;
				GCC_WARN_UNDECLARED_SELECTOR = YES;
				GCC_WARN_UNINITIALIZED_AUTOS = YES_AGGRESSIVE;
				GCC_WARN_UNUSED_FUNCTION = YES;
				GCC_WARN_UNUSED_VARIABLE = YES;
				IPHONEOS_DEPLOYMENT_TARGET = 15.5;
				MTL_ENABLE_DEBUG_INFO = INCLUDE_SOURCE;
				MTL_FAST_MATH = YES;
				ONLY_ACTIVE_ARCH = YES;
				SDKROOT = iphoneos;
				SWIFT_ACTIVE_COMPILATION_CONDITIONS = DEBUG;
				SWIFT_OPTIMIZATION_LEVEL = "-Onone";
			};
			name = Debug;
		};
		4CFD8A212894CFD100BCD815 /* Release */ = {
			isa = XCBuildConfiguration;
			buildSettings = {
				ALWAYS_SEARCH_USER_PATHS = NO;
				CLANG_ANALYZER_NONNULL = YES;
				CLANG_ANALYZER_NUMBER_OBJECT_CONVERSION = YES_AGGRESSIVE;
				CLANG_CXX_LANGUAGE_STANDARD = "gnu++17";
				CLANG_ENABLE_MODULES = YES;
				CLANG_ENABLE_OBJC_ARC = YES;
				CLANG_ENABLE_OBJC_WEAK = YES;
				CLANG_WARN_BLOCK_CAPTURE_AUTORELEASING = YES;
				CLANG_WARN_BOOL_CONVERSION = YES;
				CLANG_WARN_COMMA = YES;
				CLANG_WARN_CONSTANT_CONVERSION = YES;
				CLANG_WARN_DEPRECATED_OBJC_IMPLEMENTATIONS = YES;
				CLANG_WARN_DIRECT_OBJC_ISA_USAGE = YES_ERROR;
				CLANG_WARN_DOCUMENTATION_COMMENTS = YES;
				CLANG_WARN_EMPTY_BODY = YES;
				CLANG_WARN_ENUM_CONVERSION = YES;
				CLANG_WARN_INFINITE_RECURSION = YES;
				CLANG_WARN_INT_CONVERSION = YES;
				CLANG_WARN_NON_LITERAL_NULL_CONVERSION = YES;
				CLANG_WARN_OBJC_IMPLICIT_RETAIN_SELF = YES;
				CLANG_WARN_OBJC_LITERAL_CONVERSION = YES;
				CLANG_WARN_OBJC_ROOT_CLASS = YES_ERROR;
				CLANG_WARN_QUOTED_INCLUDE_IN_FRAMEWORK_HEADER = YES;
				CLANG_WARN_RANGE_LOOP_ANALYSIS = YES;
				CLANG_WARN_STRICT_PROTOTYPES = YES;
				CLANG_WARN_SUSPICIOUS_MOVE = YES;
				CLANG_WARN_UNGUARDED_AVAILABILITY = YES_AGGRESSIVE;
				CLANG_WARN_UNREACHABLE_CODE = YES;
				CLANG_WARN__DUPLICATE_METHOD_MATCH = YES;
				COPY_PHASE_STRIP = NO;
				DEBUG_INFORMATION_FORMAT = "dwarf-with-dsym";
				ENABLE_NS_ASSERTIONS = NO;
				ENABLE_STRICT_OBJC_MSGSEND = YES;
				GCC_C_LANGUAGE_STANDARD = gnu11;
				GCC_NO_COMMON_BLOCKS = YES;
				GCC_WARN_64_TO_32_BIT_CONVERSION = YES;
				GCC_WARN_ABOUT_RETURN_TYPE = YES_ERROR;
				GCC_WARN_UNDECLARED_SELECTOR = YES;
				GCC_WARN_UNINITIALIZED_AUTOS = YES_AGGRESSIVE;
				GCC_WARN_UNUSED_FUNCTION = YES;
				GCC_WARN_UNUSED_VARIABLE = YES;
				IPHONEOS_DEPLOYMENT_TARGET = 15.5;
				MTL_ENABLE_DEBUG_INFO = NO;
				MTL_FAST_MATH = YES;
				SDKROOT = iphoneos;
				SWIFT_COMPILATION_MODE = wholemodule;
				SWIFT_OPTIMIZATION_LEVEL = "-O";
				VALIDATE_PRODUCT = YES;
			};
			name = Release;
		};
		4CFD8A232894CFD100BCD815 /* Debug */ = {
			isa = XCBuildConfiguration;
			buildSettings = {
				ASSETCATALOG_COMPILER_APPICON_NAME = AppIcon;
				ASSETCATALOG_COMPILER_GLOBAL_ACCENT_COLOR_NAME = AccentColor;
				CODE_SIGN_STYLE = Automatic;
				CURRENT_PROJECT_VERSION = 1;
				DEVELOPMENT_ASSET_PATHS = "\"Emoji Party/Preview Content\"";
				ENABLE_PREVIEWS = YES;
				GENERATE_INFOPLIST_FILE = YES;
				INFOPLIST_KEY_UIApplicationSceneManifest_Generation = YES;
				INFOPLIST_KEY_UIApplicationSupportsIndirectInputEvents = YES;
				INFOPLIST_KEY_UILaunchScreen_Generation = YES;
				INFOPLIST_KEY_UISupportedInterfaceOrientations_iPad = "UIInterfaceOrientationPortrait UIInterfaceOrientationPortraitUpsideDown UIInterfaceOrientationLandscapeLeft UIInterfaceOrientationLandscapeRight";
				INFOPLIST_KEY_UISupportedInterfaceOrientations_iPhone = "UIInterfaceOrientationPortrait UIInterfaceOrientationLandscapeLeft UIInterfaceOrientationLandscapeRight";
				LD_RUNPATH_SEARCH_PATHS = (
					"$(inherited)",
					"@executable_path/Frameworks",
				);
				MARKETING_VERSION = 1.0;
				PRODUCT_BUNDLE_IDENTIFIER = "dwizard11.Emoji-Party";
				PRODUCT_NAME = "$(TARGET_NAME)";
				SWIFT_EMIT_LOC_STRINGS = YES;
				SWIFT_VERSION = 5.0;
				TARGETED_DEVICE_FAMILY = "1,2";
			};
			name = Debug;
		};
		4CFD8A242894CFD100BCD815 /* Release */ = {
			isa = XCBuildConfiguration;
			buildSettings = {
				ASSETCATALOG_COMPILER_APPICON_NAME = AppIcon;
				ASSETCATALOG_COMPILER_GLOBAL_ACCENT_COLOR_NAME = AccentColor;
				CODE_SIGN_STYLE = Automatic;
				CURRENT_PROJECT_VERSION = 1;
				DEVELOPMENT_ASSET_PATHS = "\"Emoji Party/Preview Content\"";
				ENABLE_PREVIEWS = YES;
				GENERATE_INFOPLIST_FILE = YES;
				INFOPLIST_KEY_UIApplicationSceneManifest_Generation = YES;
				INFOPLIST_KEY_UIApplicationSupportsIndirectInputEvents = YES;
				INFOPLIST_KEY_UILaunchScreen_Generation = YES;
				INFOPLIST_KEY_UISupportedInterfaceOrientations_iPad = "UIInterfaceOrientationPortrait UIInterfaceOrientationPortraitUpsideDown UIInterfaceOrientationLandscapeLeft UIInterfaceOrientationLandscapeRight";
				INFOPLIST_KEY_UISupportedInterfaceOrientations_iPhone = "UIInterfaceOrientationPortrait UIInterfaceOrientationLandscapeLeft UIInterfaceOrientationLandscapeRight";
				LD_RUNPATH_SEARCH_PATHS = (
					"$(inherited)",
					"@executable_path/Frameworks",
				);
				MARKETING_VERSION = 1.0;
				PRODUCT_BUNDLE_IDENTIFIER = "dwizard11.Emoji-Party";
				PRODUCT_NAME = "$(TARGET_NAME)";
				SWIFT_EMIT_LOC_STRINGS = YES;
				SWIFT_VERSION = 5.0;
				TARGETED_DEVICE_FAMILY = "1,2";
			};
			name = Release;
		};
/* End XCBuildConfiguration section */

/* Begin XCConfigurationList section */
		4CFD8A0F2894CFCF00BCD815 /* Build configuration list for PBXProject "Emoji Party" */ = {
			isa = XCConfigurationList;
			buildConfigurations = (
				4CFD8A202894CFD100BCD815 /* Debug */,
				4CFD8A212894CFD100BCD815 /* Release */,
			);
			defaultConfigurationIsVisible = 0;
			defaultConfigurationName = Release;
		};
		4CFD8A222894CFD100BCD815 /* Build configuration list for PBXNativeTarget "Emoji Party" */ = {
			isa = XCConfigurationList;
			buildConfigurations = (
				4CFD8A232894CFD100BCD815 /* Debug */,
				4CFD8A242894CFD100BCD815 /* Release */,
			);
			defaultConfigurationIsVisible = 0;
			defaultConfigurationName = Release;
		};
/* End XCConfigurationList section */
	};
	rootObject = 4CFD8A0C2894CFCF00BCD815 /* Project object */;
}
